PODS:
  - CocoaLumberjack (1.8.1):
    - CocoaLumberjack/Extensions
  - CocoaLumberjack/Core (1.8.1)
  - CocoaLumberjack/Extensions (1.8.1):
    - CocoaLumberjack/Core
  - DesignKit (0.1.0)
  - Haystack (0.4.6)
  - NUI (0.5.4):
    - NUIParse
  - NUIParse (1.2)
  - pop (1.0.5)
  - SVGKit (1.x):
    - CocoaLumberjack

DEPENDENCIES:
  - DesignKit (from `../DesignKit.podspec`)
  - Haystack (from `https://github.com/legoless/Haystack.git`)
  - NUI
  - pop
  - SVGKit (from `https://github.com/SVGKit/SVGKit.git`)

EXTERNAL SOURCES:
  DesignKit:
    :path: ../DesignKit.podspec
  Haystack:
    :git: https://github.com/legoless/Haystack.git
  SVGKit:
    :git: https://github.com/SVGKit/SVGKit.git

SPEC CHECKSUMS:
  CocoaLumberjack: 9d198d6e19909b3b113a38c5f06f7bb8eedd0427
  DesignKit: 22c3a6bbec8537f5dc047195ff4d53f6cd90d264
  Haystack: 2a33f72e1d7edb83341d3cea5c3975b8b73e50b3
  NUI: ce8570dc3bb7983ffa8ae58ab0fc852d378b00cb
  NUIParse: 1057873505e0bb4411a14ef6f4d4877065b335c1
  pop: 75fa2b33934200a8a68abb449ac1726fcf7e43b9
  SVGKit: bb7259d164de219baf2bd5c987f05f6ba036ff86

COCOAPODS: 0.32.1
