// !$*UTF8*$!
{
	archiveVersion = 1;
	classes = {
	};
	objectVersion = 46;
	objects = {

/* Begin PBXBuildFile section */
		112E0137C9D04B4DAD4AE617 /* libPods.a in Frameworks */ = {isa = PBXBuildFile; fileRef = 7608FB4AEE3D475DAB1983B8 /* libPods.a */; };
		386D485E18EC8A0F00FD7F68 /* UIColor+Company.m in Sources */ = {isa = PBXBuildFile; fileRef = 386D485718EC8A0F00FD7F68 /* UIColor+Company.m */; };
		386D485F18EC8A0F00FD7F68 /* UIColor+Create.m in Sources */ = {isa = PBXBuildFile; fileRef = 386D485A18EC8A0F00FD7F68 /* UIColor+Create.m */; };
		386D486018EC8A0F00FD7F68 /* UIColor+Flat.m in Sources */ = {isa = PBXBuildFile; fileRef = 386D485D18EC8A0F00FD7F68 /* UIColor+Flat.m */; };
		386D486318EC8A3B00FD7F68 /* UIView+DesignKit.m in Sources */ = {isa = PBXBuildFile; fileRef = 386D486218EC8A3B00FD7F68 /* UIView+DesignKit.m */; };
		386D486718EC8B6E00FD7F68 /* DKSmartFilters.m in Sources */ = {isa = PBXBuildFile; fileRef = 386D486618EC8B6E00FD7F68 /* DKSmartFilters.m */; };
		386D486A18EC8B7A00FD7F68 /* DKBlendingOptions.m in Sources */ = {isa = PBXBuildFile; fileRef = 386D486918EC8B7A00FD7F68 /* DKBlendingOptions.m */; };
		386D486D18EC93E600FD7F68 /* DKColorOverlay.m in Sources */ = {isa = PBXBuildFile; fileRef = 386D486C18EC93E600FD7F68 /* DKColorOverlay.m */; };
		387E9FCB18D0FB6F00EAC29B /* Foundation.framework in Frameworks */ = {isa = PBXBuildFile; fileRef = 387E9FCA18D0FB6F00EAC29B /* Foundation.framework */; };
		387E9FCD18D0FB6F00EAC29B /* CoreGraphics.framework in Frameworks */ = {isa = PBXBuildFile; fileRef = 387E9FCC18D0FB6F00EAC29B /* CoreGraphics.framework */; };
		387E9FCF18D0FB6F00EAC29B /* UIKit.framework in Frameworks */ = {isa = PBXBuildFile; fileRef = 387E9FCE18D0FB6F00EAC29B /* UIKit.framework */; };
		387E9FD518D0FB6F00EAC29B /* InfoPlist.strings in Resources */ = {isa = PBXBuildFile; fileRef = 387E9FD318D0FB6F00EAC29B /* InfoPlist.strings */; };
		387E9FD718D0FB6F00EAC29B /* main.m in Sources */ = {isa = PBXBuildFile; fileRef = 387E9FD618D0FB6F00EAC29B /* main.m */; };
		387E9FDB18D0FB6F00EAC29B /* AppDelegate.m in Sources */ = {isa = PBXBuildFile; fileRef = 387E9FDA18D0FB6F00EAC29B /* AppDelegate.m */; };
		387E9FDE18D0FB6F00EAC29B /* Main.storyboard in Resources */ = {isa = PBXBuildFile; fileRef = 387E9FDC18D0FB6F00EAC29B /* Main.storyboard */; };
		387E9FE118D0FB6F00EAC29B /* ViewController.m in Sources */ = {isa = PBXBuildFile; fileRef = 387E9FE018D0FB6F00EAC29B /* ViewController.m */; };
		387E9FE318D0FB6F00EAC29B /* Images.xcassets in Resources */ = {isa = PBXBuildFile; fileRef = 387E9FE218D0FB6F00EAC29B /* Images.xcassets */; };
		387E9FEA18D0FB6F00EAC29B /* XCTest.framework in Frameworks */ = {isa = PBXBuildFile; fileRef = 387E9FE918D0FB6F00EAC29B /* XCTest.framework */; };
		387E9FEB18D0FB6F00EAC29B /* Foundation.framework in Frameworks */ = {isa = PBXBuildFile; fileRef = 387E9FCA18D0FB6F00EAC29B /* Foundation.framework */; };
		387E9FEC18D0FB6F00EAC29B /* UIKit.framework in Frameworks */ = {isa = PBXBuildFile; fileRef = 387E9FCE18D0FB6F00EAC29B /* UIKit.framework */; };
		387E9FF418D0FB6F00EAC29B /* InfoPlist.strings in Resources */ = {isa = PBXBuildFile; fileRef = 387E9FF218D0FB6F00EAC29B /* InfoPlist.strings */; };
		387E9FF618D0FB6F00EAC29B /* SampleEffectsTests.m in Sources */ = {isa = PBXBuildFile; fileRef = 387E9FF518D0FB6F00EAC29B /* SampleEffectsTests.m */; };
		67E6427FE6AB9CB0EBCC012B /* UIView+DKWrapper.m in Sources */ = {isa = PBXBuildFile; fileRef = 67E640775F921B92CEC96B86 /* UIView+DKWrapper.m */; };
		67E642AEA035D563F319AAB0 /* UIButton+DKShape.m in Sources */ = {isa = PBXBuildFile; fileRef = 67E640498745B08BBE578A33 /* UIButton+DKShape.m */; };
		67E6434694D528EAC2615999 /* UIView+DKShape.m in Sources */ = {isa = PBXBuildFile; fileRef = 67E643B24F14D9C90827955B /* UIView+DKShape.m */; };
		67E643FC642432DE8D9F25C2 /* DKSingleton.m in Sources */ = {isa = PBXBuildFile; fileRef = 67E6498B960F11C00CDD469A /* DKSingleton.m */; };
		67E6469FCB8A5C272F40FEFE /* UIStoryboard+DesignKit.m in Sources */ = {isa = PBXBuildFile; fileRef = 67E64354F493A88DD073D8F8 /* UIStoryboard+DesignKit.m */; };
		67E646BBF4439D29E4E5336F /* Style.nss in Resources */ = {isa = PBXBuildFile; fileRef = 67E648E6DC7A5B02EF0444B1 /* Style.nss */; };
		67E6480353614E96045CDAE9 /* NUISettings+DesignKit.m in Sources */ = {isa = PBXBuildFile; fileRef = 67E64D0E59FE14B70012CE37 /* NUISettings+DesignKit.m */; };
		67E6487CD00783C5937327E4 /* DKStylesheet.m in Sources */ = {isa = PBXBuildFile; fileRef = 67E6438F878C26FEBAECA253 /* DKStylesheet.m */; };
		67E64C585B8D8388D4A2D67E /* DKDrawingSource.m in Sources */ = {isa = PBXBuildFile; fileRef = 67E6445CE09ECD4EC7C02076 /* DKDrawingSource.m */; };
		67E64C661AA349E58B6E01FE /* DKGrid.m in Sources */ = {isa = PBXBuildFile; fileRef = 67E641487C425D332569451D /* DKGrid.m */; };
		67E64CCB99A5FB06981EE8C6 /* DKStackPanel.m in Sources */ = {isa = PBXBuildFile; fileRef = 67E640939CFEDDBD5548B3CA /* DKStackPanel.m */; };
		67E64CF065338E0C1C6E7CCA /* DKStyle.m in Sources */ = {isa = PBXBuildFile; fileRef = 67E646AE1B445BE434B33EBF /* DKStyle.m */; };
		67E64E406A9E44C607C0C4E3 /* UIView+DKLayout.m in Sources */ = {isa = PBXBuildFile; fileRef = 67E641F32B8C14BAEE16F6E3 /* UIView+DKLayout.m */; };
		67E64E6298E61E01AFE8DFD2 /* DesignKit.m in Sources */ = {isa = PBXBuildFile; fileRef = 67E64371AEDF9767849057B7 /* DesignKit.m */; };
/* End PBXBuildFile section */

/* Begin PBXContainerItemProxy section */
		387E9FED18D0FB6F00EAC29B /* PBXContainerItemProxy */ = {
			isa = PBXContainerItemProxy;
			containerPortal = 387E9FBF18D0FB6F00EAC29B /* Project object */;
			proxyType = 1;
			remoteGlobalIDString = 387E9FC618D0FB6F00EAC29B;
			remoteInfo = SampleEffects;
		};
/* End PBXContainerItemProxy section */

/* Begin PBXFileReference section */
		386D485618EC8A0F00FD7F68 /* UIColor+Company.h */ = {isa = PBXFileReference; fileEncoding = 4; lastKnownFileType = sourcecode.c.h; path = "UIColor+Company.h"; sourceTree = "<group>"; };
		386D485718EC8A0F00FD7F68 /* UIColor+Company.m */ = {isa = PBXFileReference; fileEncoding = 4; lastKnownFileType = sourcecode.c.objc; path = "UIColor+Company.m"; sourceTree = "<group>"; };
		386D485918EC8A0F00FD7F68 /* UIColor+Create.h */ = {isa = PBXFileReference; fileEncoding = 4; lastKnownFileType = sourcecode.c.h; path = "UIColor+Create.h"; sourceTree = "<group>"; };
		386D485A18EC8A0F00FD7F68 /* UIColor+Create.m */ = {isa = PBXFileReference; fileEncoding = 4; lastKnownFileType = sourcecode.c.objc; path = "UIColor+Create.m"; sourceTree = "<group>"; };
		386D485C18EC8A0F00FD7F68 /* UIColor+Flat.h */ = {isa = PBXFileReference; fileEncoding = 4; lastKnownFileType = sourcecode.c.h; path = "UIColor+Flat.h"; sourceTree = "<group>"; };
		386D485D18EC8A0F00FD7F68 /* UIColor+Flat.m */ = {isa = PBXFileReference; fileEncoding = 4; lastKnownFileType = sourcecode.c.objc; path = "UIColor+Flat.m"; sourceTree = "<group>"; };
		386D486118EC8A3B00FD7F68 /* UIView+DesignKit.h */ = {isa = PBXFileReference; fileEncoding = 4; lastKnownFileType = sourcecode.c.h; path = "UIView+DesignKit.h"; sourceTree = "<group>"; };
		386D486218EC8A3B00FD7F68 /* UIView+DesignKit.m */ = {isa = PBXFileReference; fileEncoding = 4; lastKnownFileType = sourcecode.c.objc; path = "UIView+DesignKit.m"; sourceTree = "<group>"; };
		386D486518EC8B6E00FD7F68 /* DKSmartFilters.h */ = {isa = PBXFileReference; fileEncoding = 4; lastKnownFileType = sourcecode.c.h; path = DKSmartFilters.h; sourceTree = "<group>"; };
		386D486618EC8B6E00FD7F68 /* DKSmartFilters.m */ = {isa = PBXFileReference; fileEncoding = 4; lastKnownFileType = sourcecode.c.objc; path = DKSmartFilters.m; sourceTree = "<group>"; };
		386D486818EC8B7A00FD7F68 /* DKBlendingOptions.h */ = {isa = PBXFileReference; fileEncoding = 4; lastKnownFileType = sourcecode.c.h; path = DKBlendingOptions.h; sourceTree = "<group>"; };
		386D486918EC8B7A00FD7F68 /* DKBlendingOptions.m */ = {isa = PBXFileReference; fileEncoding = 4; lastKnownFileType = sourcecode.c.objc; path = DKBlendingOptions.m; sourceTree = "<group>"; };
		386D486B18EC93E600FD7F68 /* DKColorOverlay.h */ = {isa = PBXFileReference; fileEncoding = 4; lastKnownFileType = sourcecode.c.h; path = DKColorOverlay.h; sourceTree = "<group>"; };
		386D486C18EC93E600FD7F68 /* DKColorOverlay.m */ = {isa = PBXFileReference; fileEncoding = 4; lastKnownFileType = sourcecode.c.objc; path = DKColorOverlay.m; sourceTree = "<group>"; };
		387E9FC718D0FB6F00EAC29B /* SampleEffects.app */ = {isa = PBXFileReference; explicitFileType = wrapper.application; includeInIndex = 0; path = SampleEffects.app; sourceTree = BUILT_PRODUCTS_DIR; };
		387E9FCA18D0FB6F00EAC29B /* Foundation.framework */ = {isa = PBXFileReference; lastKnownFileType = wrapper.framework; name = Foundation.framework; path = System/Library/Frameworks/Foundation.framework; sourceTree = SDKROOT; };
		387E9FCC18D0FB6F00EAC29B /* CoreGraphics.framework */ = {isa = PBXFileReference; lastKnownFileType = wrapper.framework; name = CoreGraphics.framework; path = System/Library/Frameworks/CoreGraphics.framework; sourceTree = SDKROOT; };
		387E9FCE18D0FB6F00EAC29B /* UIKit.framework */ = {isa = PBXFileReference; lastKnownFileType = wrapper.framework; name = UIKit.framework; path = System/Library/Frameworks/UIKit.framework; sourceTree = SDKROOT; };
		387E9FD218D0FB6F00EAC29B /* SampleEffects-Info.plist */ = {isa = PBXFileReference; lastKnownFileType = text.plist.xml; path = "SampleEffects-Info.plist"; sourceTree = "<group>"; };
		387E9FD418D0FB6F00EAC29B /* en */ = {isa = PBXFileReference; lastKnownFileType = text.plist.strings; name = en; path = en.lproj/InfoPlist.strings; sourceTree = "<group>"; };
		387E9FD618D0FB6F00EAC29B /* main.m */ = {isa = PBXFileReference; lastKnownFileType = sourcecode.c.objc; path = main.m; sourceTree = "<group>"; };
		387E9FD818D0FB6F00EAC29B /* SampleEffects-Prefix.pch */ = {isa = PBXFileReference; lastKnownFileType = sourcecode.c.h; path = "SampleEffects-Prefix.pch"; sourceTree = "<group>"; };
		387E9FD918D0FB6F00EAC29B /* AppDelegate.h */ = {isa = PBXFileReference; lastKnownFileType = sourcecode.c.h; path = AppDelegate.h; sourceTree = "<group>"; };
		387E9FDA18D0FB6F00EAC29B /* AppDelegate.m */ = {isa = PBXFileReference; lastKnownFileType = sourcecode.c.objc; path = AppDelegate.m; sourceTree = "<group>"; };
		387E9FDD18D0FB6F00EAC29B /* Base */ = {isa = PBXFileReference; lastKnownFileType = file.storyboard; name = Base; path = Base.lproj/Main.storyboard; sourceTree = "<group>"; };
		387E9FDF18D0FB6F00EAC29B /* ViewController.h */ = {isa = PBXFileReference; lastKnownFileType = sourcecode.c.h; path = ViewController.h; sourceTree = "<group>"; };
		387E9FE018D0FB6F00EAC29B /* ViewController.m */ = {isa = PBXFileReference; lastKnownFileType = sourcecode.c.objc; path = ViewController.m; sourceTree = "<group>"; };
		387E9FE218D0FB6F00EAC29B /* Images.xcassets */ = {isa = PBXFileReference; lastKnownFileType = folder.assetcatalog; path = Images.xcassets; sourceTree = "<group>"; };
		387E9FE818D0FB6F00EAC29B /* SampleEffectsTests.xctest */ = {isa = PBXFileReference; explicitFileType = wrapper.cfbundle; includeInIndex = 0; path = SampleEffectsTests.xctest; sourceTree = BUILT_PRODUCTS_DIR; };
		387E9FE918D0FB6F00EAC29B /* XCTest.framework */ = {isa = PBXFileReference; lastKnownFileType = wrapper.framework; name = XCTest.framework; path = Library/Frameworks/XCTest.framework; sourceTree = DEVELOPER_DIR; };
		387E9FF118D0FB6F00EAC29B /* SampleEffectsTests-Info.plist */ = {isa = PBXFileReference; lastKnownFileType = text.plist.xml; path = "SampleEffectsTests-Info.plist"; sourceTree = "<group>"; };
		387E9FF318D0FB6F00EAC29B /* en */ = {isa = PBXFileReference; lastKnownFileType = text.plist.strings; name = en; path = en.lproj/InfoPlist.strings; sourceTree = "<group>"; };
		387E9FF518D0FB6F00EAC29B /* SampleEffectsTests.m */ = {isa = PBXFileReference; lastKnownFileType = sourcecode.c.objc; path = SampleEffectsTests.m; sourceTree = "<group>"; };
		67E64000C7CE4B99476BD18E /* DKDrawingDefines.h */ = {isa = PBXFileReference; fileEncoding = 4; lastKnownFileType = sourcecode.c.h; path = DKDrawingDefines.h; sourceTree = "<group>"; };
		67E640498745B08BBE578A33 /* UIButton+DKShape.m */ = {isa = PBXFileReference; fileEncoding = 4; lastKnownFileType = sourcecode.c.objc; path = "UIButton+DKShape.m"; sourceTree = "<group>"; };
		67E640775F921B92CEC96B86 /* UIView+DKWrapper.m */ = {isa = PBXFileReference; fileEncoding = 4; lastKnownFileType = sourcecode.c.objc; path = "UIView+DKWrapper.m"; sourceTree = "<group>"; };
		67E640939CFEDDBD5548B3CA /* DKStackPanel.m */ = {isa = PBXFileReference; fileEncoding = 4; lastKnownFileType = sourcecode.c.objc; path = DKStackPanel.m; sourceTree = "<group>"; };
		67E640A3610FF9AB88338119 /* UIButton+DKShape.h */ = {isa = PBXFileReference; fileEncoding = 4; lastKnownFileType = sourcecode.c.h; path = "UIButton+DKShape.h"; sourceTree = "<group>"; };
		67E640D7C5FC1BC6193E5012 /* DKStylesheet.h */ = {isa = PBXFileReference; fileEncoding = 4; lastKnownFileType = sourcecode.c.h; path = DKStylesheet.h; sourceTree = "<group>"; };
		67E6410176E58829107D12A6 /* DKDefines.h */ = {isa = PBXFileReference; fileEncoding = 4; lastKnownFileType = sourcecode.c.h; path = DKDefines.h; sourceTree = "<group>"; };
		67E641487C425D332569451D /* DKGrid.m */ = {isa = PBXFileReference; fileEncoding = 4; lastKnownFileType = sourcecode.c.objc; path = DKGrid.m; sourceTree = "<group>"; };
		67E641F32B8C14BAEE16F6E3 /* UIView+DKLayout.m */ = {isa = PBXFileReference; fileEncoding = 4; lastKnownFileType = sourcecode.c.objc; path = "UIView+DKLayout.m"; sourceTree = "<group>"; };
		67E64354F493A88DD073D8F8 /* UIStoryboard+DesignKit.m */ = {isa = PBXFileReference; fileEncoding = 4; lastKnownFileType = sourcecode.c.objc; path = "UIStoryboard+DesignKit.m"; sourceTree = "<group>"; };
		67E64371AEDF9767849057B7 /* DesignKit.m */ = {isa = PBXFileReference; fileEncoding = 4; lastKnownFileType = sourcecode.c.objc; path = DesignKit.m; sourceTree = "<group>"; };
		67E6438F878C26FEBAECA253 /* DKStylesheet.m */ = {isa = PBXFileReference; fileEncoding = 4; lastKnownFileType = sourcecode.c.objc; path = DKStylesheet.m; sourceTree = "<group>"; };
		67E643B24F14D9C90827955B /* UIView+DKShape.m */ = {isa = PBXFileReference; fileEncoding = 4; lastKnownFileType = sourcecode.c.objc; path = "UIView+DKShape.m"; sourceTree = "<group>"; };
		67E6445CE09ECD4EC7C02076 /* DKDrawingSource.m */ = {isa = PBXFileReference; fileEncoding = 4; lastKnownFileType = sourcecode.c.objc; path = DKDrawingSource.m; sourceTree = "<group>"; };
		67E64498D89243434C64FA01 /* DKProperties.h */ = {isa = PBXFileReference; fileEncoding = 4; lastKnownFileType = sourcecode.c.h; path = DKProperties.h; sourceTree = "<group>"; };
		67E644D8889AB45CECB18BA8 /* DKGrid.h */ = {isa = PBXFileReference; fileEncoding = 4; lastKnownFileType = sourcecode.c.h; path = DKGrid.h; sourceTree = "<group>"; };
		67E64656B3750DADE3A07216 /* NUISettings+DesignKit.h */ = {isa = PBXFileReference; fileEncoding = 4; lastKnownFileType = sourcecode.c.h; path = "NUISettings+DesignKit.h"; sourceTree = "<group>"; };
		67E646AE1B445BE434B33EBF /* DKStyle.m */ = {isa = PBXFileReference; fileEncoding = 4; lastKnownFileType = sourcecode.c.objc; path = DKStyle.m; sourceTree = "<group>"; };
		67E647EF96C85005FF5A3930 /* UIView+DKLayout.h */ = {isa = PBXFileReference; fileEncoding = 4; lastKnownFileType = sourcecode.c.h; path = "UIView+DKLayout.h"; sourceTree = "<group>"; };
		67E6484E13717B60C76E87CD /* UIView+DKWrapper.h */ = {isa = PBXFileReference; fileEncoding = 4; lastKnownFileType = sourcecode.c.h; path = "UIView+DKWrapper.h"; sourceTree = "<group>"; };
		67E648E6DC7A5B02EF0444B1 /* Style.nss */ = {isa = PBXFileReference; lastKnownFileType = file.nss; path = Style.nss; sourceTree = "<group>"; };
		67E6498B960F11C00CDD469A /* DKSingleton.m */ = {isa = PBXFileReference; fileEncoding = 4; lastKnownFileType = sourcecode.c.objc; path = DKSingleton.m; sourceTree = "<group>"; };
		67E649B299D60162FEE30DEC /* DKStyle.h */ = {isa = PBXFileReference; fileEncoding = 4; lastKnownFileType = sourcecode.c.h; path = DKStyle.h; sourceTree = "<group>"; };
		67E64B96197932769A854618 /* DesignKit.h */ = {isa = PBXFileReference; fileEncoding = 4; lastKnownFileType = sourcecode.c.h; path = DesignKit.h; sourceTree = "<group>"; };
		67E64D0E59FE14B70012CE37 /* NUISettings+DesignKit.m */ = {isa = PBXFileReference; fileEncoding = 4; lastKnownFileType = sourcecode.c.objc; path = "NUISettings+DesignKit.m"; sourceTree = "<group>"; };
		67E64D2C419E0C89DD19B286 /* DKDrawingConstants.h */ = {isa = PBXFileReference; fileEncoding = 4; lastKnownFileType = sourcecode.c.h; path = DKDrawingConstants.h; sourceTree = "<group>"; };
		67E64D3B8B1D16F7D4B86321 /* DKSingleton.h */ = {isa = PBXFileReference; fileEncoding = 4; lastKnownFileType = sourcecode.c.h; path = DKSingleton.h; sourceTree = "<group>"; };
		67E64D3C5C1C70ED03FBEC5A /* DKDrawingSource.h */ = {isa = PBXFileReference; fileEncoding = 4; lastKnownFileType = sourcecode.c.h; path = DKDrawingSource.h; sourceTree = "<group>"; };
		67E64D8C4F018DCF14981BBD /* UIView+DKShape.h */ = {isa = PBXFileReference; fileEncoding = 4; lastKnownFileType = sourcecode.c.h; path = "UIView+DKShape.h"; sourceTree = "<group>"; };
		67E64DF0393843346CD10C6A /* DKConstants.h */ = {isa = PBXFileReference; fileEncoding = 4; lastKnownFileType = sourcecode.c.h; path = DKConstants.h; sourceTree = "<group>"; };
		67E64E205D87CDE09E95CC0B /* UIStoryboard+DesignKit.h */ = {isa = PBXFileReference; fileEncoding = 4; lastKnownFileType = sourcecode.c.h; path = "UIStoryboard+DesignKit.h"; sourceTree = "<group>"; };
		67E64F21B9B25367877AA40C /* DKStackPanel.h */ = {isa = PBXFileReference; fileEncoding = 4; lastKnownFileType = sourcecode.c.h; path = DKStackPanel.h; sourceTree = "<group>"; };
		7608FB4AEE3D475DAB1983B8 /* libPods.a */ = {isa = PBXFileReference; explicitFileType = archive.ar; includeInIndex = 0; path = libPods.a; sourceTree = BUILT_PRODUCTS_DIR; };
		BB960AEC1F574B60B4D4BC55 /* Pods.xcconfig */ = {isa = PBXFileReference; includeInIndex = 1; lastKnownFileType = text.xcconfig; name = Pods.xcconfig; path = Pods/Pods.xcconfig; sourceTree = "<group>"; };
/* End PBXFileReference section */

/* Begin PBXFrameworksBuildPhase section */
		387E9FC418D0FB6F00EAC29B /* Frameworks */ = {
			isa = PBXFrameworksBuildPhase;
			buildActionMask = 2147483647;
			files = (
				387E9FCD18D0FB6F00EAC29B /* CoreGraphics.framework in Frameworks */,
				387E9FCF18D0FB6F00EAC29B /* UIKit.framework in Frameworks */,
				387E9FCB18D0FB6F00EAC29B /* Foundation.framework in Frameworks */,
				112E0137C9D04B4DAD4AE617 /* libPods.a in Frameworks */,
			);
			runOnlyForDeploymentPostprocessing = 0;
		};
		387E9FE518D0FB6F00EAC29B /* Frameworks */ = {
			isa = PBXFrameworksBuildPhase;
			buildActionMask = 2147483647;
			files = (
				387E9FEA18D0FB6F00EAC29B /* XCTest.framework in Frameworks */,
				387E9FEC18D0FB6F00EAC29B /* UIKit.framework in Frameworks */,
				387E9FEB18D0FB6F00EAC29B /* Foundation.framework in Frameworks */,
			);
			runOnlyForDeploymentPostprocessing = 0;
		};
/* End PBXFrameworksBuildPhase section */

/* Begin PBXGroup section */
		386D485318EC89FA00FD7F68 /* Blending */ = {
			isa = PBXGroup;
			children = (
				386D486818EC8B7A00FD7F68 /* DKBlendingOptions.h */,
				386D486918EC8B7A00FD7F68 /* DKBlendingOptions.m */,
				386D486B18EC93E600FD7F68 /* DKColorOverlay.h */,
				386D486C18EC93E600FD7F68 /* DKColorOverlay.m */,
			);
			path = Blending;
			sourceTree = "<group>";
		};
		386D485418EC8A0F00FD7F68 /* Colors */ = {
			isa = PBXGroup;
			children = (
				386D485518EC8A0F00FD7F68 /* UIColor+Company */,
				386D485818EC8A0F00FD7F68 /* UIColor+Create */,
				386D485B18EC8A0F00FD7F68 /* UIColor+Flat */,
			);
			path = Colors;
			sourceTree = "<group>";
		};
		386D485518EC8A0F00FD7F68 /* UIColor+Company */ = {
			isa = PBXGroup;
			children = (
				386D485618EC8A0F00FD7F68 /* UIColor+Company.h */,
				386D485718EC8A0F00FD7F68 /* UIColor+Company.m */,
			);
			path = "UIColor+Company";
			sourceTree = "<group>";
		};
		386D485818EC8A0F00FD7F68 /* UIColor+Create */ = {
			isa = PBXGroup;
			children = (
				386D485918EC8A0F00FD7F68 /* UIColor+Create.h */,
				386D485A18EC8A0F00FD7F68 /* UIColor+Create.m */,
			);
			path = "UIColor+Create";
			sourceTree = "<group>";
		};
		386D485B18EC8A0F00FD7F68 /* UIColor+Flat */ = {
			isa = PBXGroup;
			children = (
				386D485C18EC8A0F00FD7F68 /* UIColor+Flat.h */,
				386D485D18EC8A0F00FD7F68 /* UIColor+Flat.m */,
			);
			path = "UIColor+Flat";
			sourceTree = "<group>";
		};
		386D486418EC8A8600FD7F68 /* Smart Filters */ = {
			isa = PBXGroup;
			children = (
				386D486518EC8B6E00FD7F68 /* DKSmartFilters.h */,
				386D486618EC8B6E00FD7F68 /* DKSmartFilters.m */,
			);
			path = "Smart Filters";
			sourceTree = "<group>";
		};
		387E9FBE18D0FB6F00EAC29B = {
			isa = PBXGroup;
			children = (
				38836AC418D1E67A0067565D /* DesignKit */,
				387E9FD018D0FB6F00EAC29B /* SampleEffects */,
				387E9FEF18D0FB6F00EAC29B /* SampleEffectsTests */,
				387E9FC918D0FB6F00EAC29B /* Frameworks */,
				387E9FC818D0FB6F00EAC29B /* Products */,
				BB960AEC1F574B60B4D4BC55 /* Pods.xcconfig */,
			);
			sourceTree = "<group>";
		};
		387E9FC818D0FB6F00EAC29B /* Products */ = {
			isa = PBXGroup;
			children = (
				387E9FC718D0FB6F00EAC29B /* SampleEffects.app */,
				387E9FE818D0FB6F00EAC29B /* SampleEffectsTests.xctest */,
			);
			name = Products;
			sourceTree = "<group>";
		};
		387E9FC918D0FB6F00EAC29B /* Frameworks */ = {
			isa = PBXGroup;
			children = (
				387E9FCA18D0FB6F00EAC29B /* Foundation.framework */,
				387E9FCC18D0FB6F00EAC29B /* CoreGraphics.framework */,
				387E9FCE18D0FB6F00EAC29B /* UIKit.framework */,
				387E9FE918D0FB6F00EAC29B /* XCTest.framework */,
				7608FB4AEE3D475DAB1983B8 /* libPods.a */,
			);
			name = Frameworks;
			sourceTree = "<group>";
		};
		387E9FD018D0FB6F00EAC29B /* SampleEffects */ = {
			isa = PBXGroup;
			children = (
				387E9FD918D0FB6F00EAC29B /* AppDelegate.h */,
				387E9FDA18D0FB6F00EAC29B /* AppDelegate.m */,
				387E9FDC18D0FB6F00EAC29B /* Main.storyboard */,
				387E9FDF18D0FB6F00EAC29B /* ViewController.h */,
				387E9FE018D0FB6F00EAC29B /* ViewController.m */,
				387E9FE218D0FB6F00EAC29B /* Images.xcassets */,
				387E9FD118D0FB6F00EAC29B /* Supporting Files */,
				67E648E6DC7A5B02EF0444B1 /* Style.nss */,
			);
			path = SampleEffects;
			sourceTree = "<group>";
		};
		387E9FD118D0FB6F00EAC29B /* Supporting Files */ = {
			isa = PBXGroup;
			children = (
				387E9FD218D0FB6F00EAC29B /* SampleEffects-Info.plist */,
				387E9FD318D0FB6F00EAC29B /* InfoPlist.strings */,
				387E9FD618D0FB6F00EAC29B /* main.m */,
				387E9FD818D0FB6F00EAC29B /* SampleEffects-Prefix.pch */,
			);
			name = "Supporting Files";
			sourceTree = "<group>";
		};
		387E9FEF18D0FB6F00EAC29B /* SampleEffectsTests */ = {
			isa = PBXGroup;
			children = (
				387E9FF518D0FB6F00EAC29B /* SampleEffectsTests.m */,
				387E9FF018D0FB6F00EAC29B /* Supporting Files */,
			);
			path = SampleEffectsTests;
			sourceTree = "<group>";
		};
		387E9FF018D0FB6F00EAC29B /* Supporting Files */ = {
			isa = PBXGroup;
			children = (
				387E9FF118D0FB6F00EAC29B /* SampleEffectsTests-Info.plist */,
				387E9FF218D0FB6F00EAC29B /* InfoPlist.strings */,
			);
			name = "Supporting Files";
			sourceTree = "<group>";
		};
		38836AC418D1E67A0067565D /* DesignKit */ = {
			isa = PBXGroup;
			children = (
				386D485318EC89FA00FD7F68 /* Blending */,
				386D485418EC8A0F00FD7F68 /* Colors */,
				38836AC518D1E6890067565D /* Core */,
				386D486418EC8A8600FD7F68 /* Smart Filters */,
				67E64EBC4E5783F126C749FF /* Drawing */,
				67E642681B97320DD6EC1CF2 /* Style */,
				67E64371AEDF9767849057B7 /* DesignKit.m */,
				67E64B96197932769A854618 /* DesignKit.h */,
				67E64D45663815398D95E750 /* Layout */,
				67E64BBEEAA0A1D976983046 /* Storyboard */,
			);
			path = DesignKit;
			sourceTree = "<group>";
		};
		38836AC518D1E6890067565D /* Core */ = {
			isa = PBXGroup;
			children = (
				386D486118EC8A3B00FD7F68 /* UIView+DesignKit.h */,
				386D486218EC8A3B00FD7F68 /* UIView+DesignKit.m */,
				67E6498B960F11C00CDD469A /* DKSingleton.m */,
				67E64D3B8B1D16F7D4B86321 /* DKSingleton.h */,
				67E6410176E58829107D12A6 /* DKDefines.h */,
				67E64498D89243434C64FA01 /* DKProperties.h */,
				67E64DF0393843346CD10C6A /* DKConstants.h */,
				67E64D0E59FE14B70012CE37 /* NUISettings+DesignKit.m */,
				67E64656B3750DADE3A07216 /* NUISettings+DesignKit.h */,
				67E640775F921B92CEC96B86 /* UIView+DKWrapper.m */,
				67E6484E13717B60C76E87CD /* UIView+DKWrapper.h */,
			);
			path = Core;
			sourceTree = "<group>";
		};
		67E642681B97320DD6EC1CF2 /* Style */ = {
			isa = PBXGroup;
			children = (
				67E646AE1B445BE434B33EBF /* DKStyle.m */,
				67E649B299D60162FEE30DEC /* DKStyle.h */,
				67E6438F878C26FEBAECA253 /* DKStylesheet.m */,
				67E640D7C5FC1BC6193E5012 /* DKStylesheet.h */,
			);
			path = Style;
			sourceTree = "<group>";
		};
		67E64BBEEAA0A1D976983046 /* Storyboard */ = {
			isa = PBXGroup;
			children = (
				67E64354F493A88DD073D8F8 /* UIStoryboard+DesignKit.m */,
				67E64E205D87CDE09E95CC0B /* UIStoryboard+DesignKit.h */,
			);
			path = Storyboard;
			sourceTree = "<group>";
		};
		67E64D45663815398D95E750 /* Layout */ = {
			isa = PBXGroup;
			children = (
				67E641487C425D332569451D /* DKGrid.m */,
				67E644D8889AB45CECB18BA8 /* DKGrid.h */,
				67E640939CFEDDBD5548B3CA /* DKStackPanel.m */,
				67E64F21B9B25367877AA40C /* DKStackPanel.h */,
				67E641F32B8C14BAEE16F6E3 /* UIView+DKLayout.m */,
				67E647EF96C85005FF5A3930 /* UIView+DKLayout.h */,
			);
			path = Layout;
			sourceTree = "<group>";
		};
		67E64EBC4E5783F126C749FF /* Drawing */ = {
			isa = PBXGroup;
			children = (
				67E6445CE09ECD4EC7C02076 /* DKDrawingSource.m */,
				67E64D3C5C1C70ED03FBEC5A /* DKDrawingSource.h */,
				67E643B24F14D9C90827955B /* UIView+DKShape.m */,
				67E64D8C4F018DCF14981BBD /* UIView+DKShape.h */,
				67E640498745B08BBE578A33 /* UIButton+DKShape.m */,
				67E640A3610FF9AB88338119 /* UIButton+DKShape.h */,
				67E64000C7CE4B99476BD18E /* DKDrawingDefines.h */,
				67E64D2C419E0C89DD19B286 /* DKDrawingConstants.h */,
			);
			path = Drawing;
			sourceTree = "<group>";
		};
/* End PBXGroup section */

/* Begin PBXNativeTarget section */
		387E9FC618D0FB6F00EAC29B /* SampleEffects */ = {
			isa = PBXNativeTarget;
			buildConfigurationList = 387E9FF918D0FB6F00EAC29B /* Build configuration list for PBXNativeTarget "SampleEffects" */;
			buildPhases = (
				2015D4D2B111403AA1FECF99 /* Check Pods Manifest.lock */,
				387E9FC318D0FB6F00EAC29B /* Sources */,
				387E9FC418D0FB6F00EAC29B /* Frameworks */,
				387E9FC518D0FB6F00EAC29B /* Resources */,
				618DFCCD6FA146279D7A3F27 /* Copy Pods Resources */,
			);
			buildRules = (
			);
			dependencies = (
			);
			name = SampleEffects;
			productName = SampleEffects;
			productReference = 387E9FC718D0FB6F00EAC29B /* SampleEffects.app */;
			productType = "com.apple.product-type.application";
		};
		387E9FE718D0FB6F00EAC29B /* SampleEffectsTests */ = {
			isa = PBXNativeTarget;
			buildConfigurationList = 387E9FFC18D0FB6F00EAC29B /* Build configuration list for PBXNativeTarget "SampleEffectsTests" */;
			buildPhases = (
				387E9FE418D0FB6F00EAC29B /* Sources */,
				387E9FE518D0FB6F00EAC29B /* Frameworks */,
				387E9FE618D0FB6F00EAC29B /* Resources */,
			);
			buildRules = (
			);
			dependencies = (
				387E9FEE18D0FB6F00EAC29B /* PBXTargetDependency */,
			);
			name = SampleEffectsTests;
			productName = SampleEffectsTests;
			productReference = 387E9FE818D0FB6F00EAC29B /* SampleEffectsTests.xctest */;
			productType = "com.apple.product-type.bundle.unit-test";
		};
/* End PBXNativeTarget section */

/* Begin PBXProject section */
		387E9FBF18D0FB6F00EAC29B /* Project object */ = {
			isa = PBXProject;
			attributes = {
				LastUpgradeCheck = 0510;
				ORGANIZATIONNAME = arvystate.net;
				TargetAttributes = {
					387E9FE718D0FB6F00EAC29B = {
						TestTargetID = 387E9FC618D0FB6F00EAC29B;
					};
				};
			};
			buildConfigurationList = 387E9FC218D0FB6F00EAC29B /* Build configuration list for PBXProject "SampleEffects" */;
			compatibilityVersion = "Xcode 3.2";
			developmentRegion = English;
			hasScannedForEncodings = 0;
			knownRegions = (
				en,
				Base,
			);
			mainGroup = 387E9FBE18D0FB6F00EAC29B;
			productRefGroup = 387E9FC818D0FB6F00EAC29B /* Products */;
			projectDirPath = "";
			projectReferences = (
			);
			projectRoot = "";
			targets = (
				387E9FC618D0FB6F00EAC29B /* SampleEffects */,
				387E9FE718D0FB6F00EAC29B /* SampleEffectsTests */,
			);
		};
/* End PBXProject section */

/* Begin PBXResourcesBuildPhase section */
		387E9FC518D0FB6F00EAC29B /* Resources */ = {
			isa = PBXResourcesBuildPhase;
			buildActionMask = 2147483647;
			files = (
				387E9FE318D0FB6F00EAC29B /* Images.xcassets in Resources */,
				387E9FD518D0FB6F00EAC29B /* InfoPlist.strings in Resources */,
				387E9FDE18D0FB6F00EAC29B /* Main.storyboard in Resources */,
				67E646BBF4439D29E4E5336F /* Style.nss in Resources */,
			);
			runOnlyForDeploymentPostprocessing = 0;
		};
		387E9FE618D0FB6F00EAC29B /* Resources */ = {
			isa = PBXResourcesBuildPhase;
			buildActionMask = 2147483647;
			files = (
				387E9FF418D0FB6F00EAC29B /* InfoPlist.strings in Resources */,
			);
			runOnlyForDeploymentPostprocessing = 0;
		};
/* End PBXResourcesBuildPhase section */

/* Begin PBXShellScriptBuildPhase section */
		2015D4D2B111403AA1FECF99 /* Check Pods Manifest.lock */ = {
			isa = PBXShellScriptBuildPhase;
			buildActionMask = 2147483647;
			files = (
			);
			inputPaths = (
			);
			name = "Check Pods Manifest.lock";
			outputPaths = (
			);
			runOnlyForDeploymentPostprocessing = 0;
			shellPath = /bin/sh;
			shellScript = "diff \"${PODS_ROOT}/../Podfile.lock\" \"${PODS_ROOT}/Manifest.lock\" > /dev/null\nif [[ $? != 0 ]] ; then\n    cat << EOM\nerror: The sandbox is not in sync with the Podfile.lock. Run 'pod install' or update your CocoaPods installation.\nEOM\n    exit 1\nfi\n";
			showEnvVarsInLog = 0;
		};
		618DFCCD6FA146279D7A3F27 /* Copy Pods Resources */ = {
			isa = PBXShellScriptBuildPhase;
			buildActionMask = 2147483647;
			files = (
			);
			inputPaths = (
			);
			name = "Copy Pods Resources";
			outputPaths = (
			);
			runOnlyForDeploymentPostprocessing = 0;
			shellPath = /bin/sh;
			shellScript = "\"${SRCROOT}/Pods/Pods-resources.sh\"\n";
			showEnvVarsInLog = 0;
		};
/* End PBXShellScriptBuildPhase section */

/* Begin PBXSourcesBuildPhase section */
		387E9FC318D0FB6F00EAC29B /* Sources */ = {
			isa = PBXSourcesBuildPhase;
			buildActionMask = 2147483647;
			files = (
				387E9FE118D0FB6F00EAC29B /* ViewController.m in Sources */,
				386D485E18EC8A0F00FD7F68 /* UIColor+Company.m in Sources */,
				386D486A18EC8B7A00FD7F68 /* DKBlendingOptions.m in Sources */,
				386D486718EC8B6E00FD7F68 /* DKSmartFilters.m in Sources */,
				387E9FDB18D0FB6F00EAC29B /* AppDelegate.m in Sources */,
				386D486018EC8A0F00FD7F68 /* UIColor+Flat.m in Sources */,
				387E9FD718D0FB6F00EAC29B /* main.m in Sources */,
				386D486318EC8A3B00FD7F68 /* UIView+DesignKit.m in Sources */,
				386D485F18EC8A0F00FD7F68 /* UIColor+Create.m in Sources */,
				386D486D18EC93E600FD7F68 /* DKColorOverlay.m in Sources */,
				67E643FC642432DE8D9F25C2 /* DKSingleton.m in Sources */,
				67E64C585B8D8388D4A2D67E /* DKDrawingSource.m in Sources */,
				67E64CF065338E0C1C6E7CCA /* DKStyle.m in Sources */,
				67E64E6298E61E01AFE8DFD2 /* DesignKit.m in Sources */,
				67E6487CD00783C5937327E4 /* DKStylesheet.m in Sources */,
				67E6434694D528EAC2615999 /* UIView+DKShape.m in Sources */,
				67E642AEA035D563F319AAB0 /* UIButton+DKShape.m in Sources */,
				67E64C661AA349E58B6E01FE /* DKGrid.m in Sources */,
				67E64CCB99A5FB06981EE8C6 /* DKStackPanel.m in Sources */,
				67E64E406A9E44C607C0C4E3 /* UIView+DKLayout.m in Sources */,
				67E6469FCB8A5C272F40FEFE /* UIStoryboard+DesignKit.m in Sources */,
				67E6480353614E96045CDAE9 /* NUISettings+DesignKit.m in Sources */,
				67E6427FE6AB9CB0EBCC012B /* UIView+DKWrapper.m in Sources */,
			);
			runOnlyForDeploymentPostprocessing = 0;
		};
		387E9FE418D0FB6F00EAC29B /* Sources */ = {
			isa = PBXSourcesBuildPhase;
			buildActionMask = 2147483647;
			files = (
				387E9FF618D0FB6F00EAC29B /* SampleEffectsTests.m in Sources */,
			);
			runOnlyForDeploymentPostprocessing = 0;
		};
/* End PBXSourcesBuildPhase section */

/* Begin PBXTargetDependency section */
		387E9FEE18D0FB6F00EAC29B /* PBXTargetDependency */ = {
			isa = PBXTargetDependency;
			target = 387E9FC618D0FB6F00EAC29B /* SampleEffects */;
			targetProxy = 387E9FED18D0FB6F00EAC29B /* PBXContainerItemProxy */;
		};
/* End PBXTargetDependency section */

/* Begin PBXVariantGroup section */
		387E9FD318D0FB6F00EAC29B /* InfoPlist.strings */ = {
			isa = PBXVariantGroup;
			children = (
				387E9FD418D0FB6F00EAC29B /* en */,
			);
			name = InfoPlist.strings;
			sourceTree = "<group>";
		};
		387E9FDC18D0FB6F00EAC29B /* Main.storyboard */ = {
			isa = PBXVariantGroup;
			children = (
				387E9FDD18D0FB6F00EAC29B /* Base */,
			);
			name = Main.storyboard;
			sourceTree = "<group>";
		};
		387E9FF218D0FB6F00EAC29B /* InfoPlist.strings */ = {
			isa = PBXVariantGroup;
			children = (
				387E9FF318D0FB6F00EAC29B /* en */,
			);
			name = InfoPlist.strings;
			sourceTree = "<group>";
		};
/* End PBXVariantGroup section */

/* Begin XCBuildConfiguration section */
		387E9FF718D0FB6F00EAC29B /* Debug */ = {
			isa = XCBuildConfiguration;
			buildSettings = {
				ALWAYS_SEARCH_USER_PATHS = NO;
				CLANG_CXX_LANGUAGE_STANDARD = "gnu++0x";
				CLANG_CXX_LIBRARY = "libc++";
				CLANG_ENABLE_MODULES = YES;
				CLANG_ENABLE_OBJC_ARC = YES;
				CLANG_WARN_BOOL_CONVERSION = YES;
				CLANG_WARN_CONSTANT_CONVERSION = YES;
				CLANG_WARN_DIRECT_OBJC_ISA_USAGE = YES_ERROR;
				CLANG_WARN_EMPTY_BODY = YES;
				CLANG_WARN_ENUM_CONVERSION = YES;
				CLANG_WARN_INT_CONVERSION = YES;
				CLANG_WARN_OBJC_ROOT_CLASS = YES_ERROR;
				CLANG_WARN__DUPLICATE_METHOD_MATCH = YES;
				"CODE_SIGN_IDENTITY[sdk=iphoneos*]" = "iPhone Developer";
				COPY_PHASE_STRIP = NO;
				GCC_C_LANGUAGE_STANDARD = gnu99;
				GCC_DYNAMIC_NO_PIC = NO;
				GCC_OPTIMIZATION_LEVEL = 0;
				GCC_PREPROCESSOR_DEFINITIONS = (
					"DEBUG=1",
					"$(inherited)",
				);
				GCC_SYMBOLS_PRIVATE_EXTERN = NO;
				GCC_WARN_64_TO_32_BIT_CONVERSION = YES;
				GCC_WARN_ABOUT_RETURN_TYPE = YES_ERROR;
				GCC_WARN_UNDECLARED_SELECTOR = YES;
				GCC_WARN_UNINITIALIZED_AUTOS = YES_AGGRESSIVE;
				GCC_WARN_UNUSED_FUNCTION = YES;
				GCC_WARN_UNUSED_VARIABLE = YES;
				IPHONEOS_DEPLOYMENT_TARGET = 7.1;
				ONLY_ACTIVE_ARCH = YES;
				SDKROOT = iphoneos;
			};
			name = Debug;
		};
		387E9FF818D0FB6F00EAC29B /* Release */ = {
			isa = XCBuildConfiguration;
			buildSettings = {
				ALWAYS_SEARCH_USER_PATHS = NO;
				CLANG_CXX_LANGUAGE_STANDARD = "gnu++0x";
				CLANG_CXX_LIBRARY = "libc++";
				CLANG_ENABLE_MODULES = YES;
				CLANG_ENABLE_OBJC_ARC = YES;
				CLANG_WARN_BOOL_CONVERSION = YES;
				CLANG_WARN_CONSTANT_CONVERSION = YES;
				CLANG_WARN_DIRECT_OBJC_ISA_USAGE = YES_ERROR;
				CLANG_WARN_EMPTY_BODY = YES;
				CLANG_WARN_ENUM_CONVERSION = YES;
				CLANG_WARN_INT_CONVERSION = YES;
				CLANG_WARN_OBJC_ROOT_CLASS = YES_ERROR;
				CLANG_WARN__DUPLICATE_METHOD_MATCH = YES;
				"CODE_SIGN_IDENTITY[sdk=iphoneos*]" = "iPhone Developer";
				COPY_PHASE_STRIP = YES;
				ENABLE_NS_ASSERTIONS = NO;
				GCC_C_LANGUAGE_STANDARD = gnu99;
				GCC_WARN_64_TO_32_BIT_CONVERSION = YES;
				GCC_WARN_ABOUT_RETURN_TYPE = YES_ERROR;
				GCC_WARN_UNDECLARED_SELECTOR = YES;
				GCC_WARN_UNINITIALIZED_AUTOS = YES_AGGRESSIVE;
				GCC_WARN_UNUSED_FUNCTION = YES;
				GCC_WARN_UNUSED_VARIABLE = YES;
				IPHONEOS_DEPLOYMENT_TARGET = 7.1;
				SDKROOT = iphoneos;
				VALIDATE_PRODUCT = YES;
			};
			name = Release;
		};
		387E9FFA18D0FB6F00EAC29B /* Debug */ = {
			isa = XCBuildConfiguration;
			baseConfigurationReference = BB960AEC1F574B60B4D4BC55 /* Pods.xcconfig */;
			buildSettings = {
				ASSETCATALOG_COMPILER_APPICON_NAME = AppIcon;
				ASSETCATALOG_COMPILER_LAUNCHIMAGE_NAME = LaunchImage;
				GCC_PRECOMPILE_PREFIX_HEADER = YES;
				GCC_PREFIX_HEADER = "SampleEffects/SampleEffects-Prefix.pch";
				INFOPLIST_FILE = "SampleEffects/SampleEffects-Info.plist";
				PRODUCT_NAME = "$(TARGET_NAME)";
				WRAPPER_EXTENSION = app;
			};
			name = Debug;
		};
		387E9FFB18D0FB6F00EAC29B /* Release */ = {
			isa = XCBuildConfiguration;
			baseConfigurationReference = BB960AEC1F574B60B4D4BC55 /* Pods.xcconfig */;
			buildSettings = {
				ASSETCATALOG_COMPILER_APPICON_NAME = AppIcon;
				ASSETCATALOG_COMPILER_LAUNCHIMAGE_NAME = LaunchImage;
				GCC_PRECOMPILE_PREFIX_HEADER = YES;
				GCC_PREFIX_HEADER = "SampleEffects/SampleEffects-Prefix.pch";
				INFOPLIST_FILE = "SampleEffects/SampleEffects-Info.plist";
				PRODUCT_NAME = "$(TARGET_NAME)";
				WRAPPER_EXTENSION = app;
			};
			name = Release;
		};
		387E9FFD18D0FB6F00EAC29B /* Debug */ = {
			isa = XCBuildConfiguration;
			buildSettings = {
				BUNDLE_LOADER = "$(BUILT_PRODUCTS_DIR)/SampleEffects.app/SampleEffects";
				FRAMEWORK_SEARCH_PATHS = (
					"$(SDKROOT)/Developer/Library/Frameworks",
					"$(inherited)",
					"$(DEVELOPER_FRAMEWORKS_DIR)",
				);
				GCC_PRECOMPILE_PREFIX_HEADER = YES;
				GCC_PREFIX_HEADER = "SampleEffects/SampleEffects-Prefix.pch";
				GCC_PREPROCESSOR_DEFINITIONS = (
					"DEBUG=1",
					"$(inherited)",
				);
				INFOPLIST_FILE = "SampleEffectsTests/SampleEffectsTests-Info.plist";
				PRODUCT_NAME = "$(TARGET_NAME)";
				TEST_HOST = "$(BUNDLE_LOADER)";
				WRAPPER_EXTENSION = xctest;
			};
			name = Debug;
		};
		387E9FFE18D0FB6F00EAC29B /* Release */ = {
			isa = XCBuildConfiguration;
			buildSettings = {
				BUNDLE_LOADER = "$(BUILT_PRODUCTS_DIR)/SampleEffects.app/SampleEffects";
				FRAMEWORK_SEARCH_PATHS = (
					"$(SDKROOT)/Developer/Library/Frameworks",
					"$(inherited)",
					"$(DEVELOPER_FRAMEWORKS_DIR)",
				);
				GCC_PRECOMPILE_PREFIX_HEADER = YES;
				GCC_PREFIX_HEADER = "SampleEffects/SampleEffects-Prefix.pch";
				INFOPLIST_FILE = "SampleEffectsTests/SampleEffectsTests-Info.plist";
				PRODUCT_NAME = "$(TARGET_NAME)";
				TEST_HOST = "$(BUNDLE_LOADER)";
				WRAPPER_EXTENSION = xctest;
			};
			name = Release;
		};
/* End XCBuildConfiguration section */

/* Begin XCConfigurationList section */
		387E9FC218D0FB6F00EAC29B /* Build configuration list for PBXProject "SampleEffects" */ = {
			isa = XCConfigurationList;
			buildConfigurations = (
				387E9FF718D0FB6F00EAC29B /* Debug */,
				387E9FF818D0FB6F00EAC29B /* Release */,
			);
			defaultConfigurationIsVisible = 0;
			defaultConfigurationName = Release;
		};
		387E9FF918D0FB6F00EAC29B /* Build configuration list for PBXNativeTarget "SampleEffects" */ = {
			isa = XCConfigurationList;
			buildConfigurations = (
				387E9FFA18D0FB6F00EAC29B /* Debug */,
				387E9FFB18D0FB6F00EAC29B /* Release */,
			);
			defaultConfigurationIsVisible = 0;
			defaultConfigurationName = Release;
		};
		387E9FFC18D0FB6F00EAC29B /* Build configuration list for PBXNativeTarget "SampleEffectsTests" */ = {
			isa = XCConfigurationList;
			buildConfigurations = (
				387E9FFD18D0FB6F00EAC29B /* Debug */,
				387E9FFE18D0FB6F00EAC29B /* Release */,
			);
			defaultConfigurationIsVisible = 0;
			defaultConfigurationName = Release;
		};
/* End XCConfigurationList section */
	};
	rootObject = 387E9FBF18D0FB6F00EAC29B /* Project object */;
}
